// !$*UTF8*$!
{
	archiveVersion = 1;
	classes = {
	};
	objectVersion = 50;
	objects = {

/* Begin PBXBuildFile section */
		58383FE824BC42A200E9297F /* AppDelegate.swift in Sources */ = {isa = PBXBuildFile; fileRef = 58383FE724BC42A200E9297F /* AppDelegate.swift */; };
		58383FEA24BC42A200E9297F /* SceneDelegate.swift in Sources */ = {isa = PBXBuildFile; fileRef = 58383FE924BC42A200E9297F /* SceneDelegate.swift */; };
		58383FEC24BC42A200E9297F /* ViewController.swift in Sources */ = {isa = PBXBuildFile; fileRef = 58383FEB24BC42A200E9297F /* ViewController.swift */; };
		58383FEF24BC42A300E9297F /* Main.storyboard in Resources */ = {isa = PBXBuildFile; fileRef = 58383FED24BC42A300E9297F /* Main.storyboard */; };
		58383FF124BC42A900E9297F /* Assets.xcassets in Resources */ = {isa = PBXBuildFile; fileRef = 58383FF024BC42A900E9297F /* Assets.xcassets */; };
		58383FF424BC42A900E9297F /* LaunchScreen.storyboard in Resources */ = {isa = PBXBuildFile; fileRef = 58383FF224BC42A900E9297F /* LaunchScreen.storyboard */; };
		58383FFC24BC456700E9297F /* Constants.swift in Sources */ = {isa = PBXBuildFile; fileRef = 58383FFB24BC456700E9297F /* Constants.swift */; };
		58383FFE24BC489D00E9297F /* Video.swift in Sources */ = {isa = PBXBuildFile; fileRef = 58383FFD24BC489D00E9297F /* Video.swift */; };
		5838400024BC491500E9297F /* Model.swift in Sources */ = {isa = PBXBuildFile; fileRef = 58383FFF24BC491500E9297F /* Model.swift */; };
		5838400224BC55F300E9297F /* Response.swift in Sources */ = {isa = PBXBuildFile; fileRef = 5838400124BC55F300E9297F /* Response.swift */; };
		5838400B24BC81FF00E9297F /* VideoTableViewCell.swift in Sources */ = {isa = PBXBuildFile; fileRef = 5838400A24BC81FF00E9297F /* VideoTableViewCell.swift */; };
		5846392424BDA8F7005B1E3C /* CacheManager.swift in Sources */ = {isa = PBXBuildFile; fileRef = 5846392324BDA8F7005B1E3C /* CacheManager.swift */; };
/* End PBXBuildFile section */

/* Begin PBXFileReference section */
		58383FE424BC42A200E9297F /* youtube-app.app */ = {isa = PBXFileReference; explicitFileType = wrapper.application; includeInIndex = 0; path = "youtube-app.app"; sourceTree = BUILT_PRODUCTS_DIR; };
		58383FE724BC42A200E9297F /* AppDelegate.swift */ = {isa = PBXFileReference; lastKnownFileType = sourcecode.swift; path = AppDelegate.swift; sourceTree = "<group>"; };
		58383FE924BC42A200E9297F /* SceneDelegate.swift */ = {isa = PBXFileReference; lastKnownFileType = sourcecode.swift; path = SceneDelegate.swift; sourceTree = "<group>"; };
		58383FEB24BC42A200E9297F /* ViewController.swift */ = {isa = PBXFileReference; lastKnownFileType = sourcecode.swift; path = ViewController.swift; sourceTree = "<group>"; };
		58383FEE24BC42A300E9297F /* Base */ = {isa = PBXFileReference; lastKnownFileType = file.storyboard; name = Base; path = Base.lproj/Main.storyboard; sourceTree = "<group>"; };
		58383FF024BC42A900E9297F /* Assets.xcassets */ = {isa = PBXFileReference; lastKnownFileType = folder.assetcatalog; path = Assets.xcassets; sourceTree = "<group>"; };
		58383FF324BC42A900E9297F /* Base */ = {isa = PBXFileReference; lastKnownFileType = file.storyboard; name = Base; path = Base.lproj/LaunchScreen.storyboard; sourceTree = "<group>"; };
		58383FF524BC42A900E9297F /* Info.plist */ = {isa = PBXFileReference; lastKnownFileType = text.plist.xml; path = Info.plist; sourceTree = "<group>"; };
		58383FFB24BC456700E9297F /* Constants.swift */ = {isa = PBXFileReference; lastKnownFileType = sourcecode.swift; path = Constants.swift; sourceTree = "<group>"; };
		58383FFD24BC489D00E9297F /* Video.swift */ = {isa = PBXFileReference; lastKnownFileType = sourcecode.swift; path = Video.swift; sourceTree = "<group>"; };
		58383FFF24BC491500E9297F /* Model.swift */ = {isa = PBXFileReference; lastKnownFileType = sourcecode.swift; path = Model.swift; sourceTree = "<group>"; };
		5838400124BC55F300E9297F /* Response.swift */ = {isa = PBXFileReference; lastKnownFileType = sourcecode.swift; path = Response.swift; sourceTree = "<group>"; };
		5838400A24BC81FF00E9297F /* VideoTableViewCell.swift */ = {isa = PBXFileReference; lastKnownFileType = sourcecode.swift; path = VideoTableViewCell.swift; sourceTree = "<group>"; };
		5846392324BDA8F7005B1E3C /* CacheManager.swift */ = {isa = PBXFileReference; lastKnownFileType = sourcecode.swift; path = CacheManager.swift; sourceTree = "<group>"; };
/* End PBXFileReference section */

/* Begin PBXFrameworksBuildPhase section */
		58383FE124BC42A200E9297F /* Frameworks */ = {
			isa = PBXFrameworksBuildPhase;
			buildActionMask = 2147483647;
			files = (
			);
			runOnlyForDeploymentPostprocessing = 0;
		};
/* End PBXFrameworksBuildPhase section */

/* Begin PBXGroup section */
		58383FDB24BC42A200E9297F = {
			isa = PBXGroup;
			children = (
				58383FE624BC42A200E9297F /* youtube-app */,
				58383FE524BC42A200E9297F /* Products */,
			);
			sourceTree = "<group>";
		};
		58383FE524BC42A200E9297F /* Products */ = {
			isa = PBXGroup;
			children = (
				58383FE424BC42A200E9297F /* youtube-app.app */,
			);
			name = Products;
			sourceTree = "<group>";
		};
		58383FE624BC42A200E9297F /* youtube-app */ = {
			isa = PBXGroup;
			children = (
				5838400924BC80CF00E9297F /* Views Controllers */,
				5838400824BC80C400E9297F /* Views */,
				5838400724BC80B800E9297F /* Models */,
				5838400624BC80A900E9297F /* Helpers */,
				5838400524BC809E00E9297F /* Storyboards */,
				58383FE724BC42A200E9297F /* AppDelegate.swift */,
				58383FE924BC42A200E9297F /* SceneDelegate.swift */,
				58383FF024BC42A900E9297F /* Assets.xcassets */,
				58383FF224BC42A900E9297F /* LaunchScreen.storyboard */,
				58383FF524BC42A900E9297F /* Info.plist */,
			);
			path = "youtube-app";
			sourceTree = "<group>";
		};
		5838400524BC809E00E9297F /* Storyboards */ = {
			isa = PBXGroup;
			children = (
				58383FED24BC42A300E9297F /* Main.storyboard */,
			);
			path = Storyboards;
			sourceTree = "<group>";
		};
		5838400624BC80A900E9297F /* Helpers */ = {
			isa = PBXGroup;
			children = (
				58383FFB24BC456700E9297F /* Constants.swift */,
				5846392324BDA8F7005B1E3C /* CacheManager.swift */,
			);
			path = Helpers;
			sourceTree = "<group>";
		};
		5838400724BC80B800E9297F /* Models */ = {
			isa = PBXGroup;
			children = (
				5838400124BC55F300E9297F /* Response.swift */,
				58383FFF24BC491500E9297F /* Model.swift */,
				58383FFD24BC489D00E9297F /* Video.swift */,
			);
			path = Models;
			sourceTree = "<group>";
		};
		5838400824BC80C400E9297F /* Views */ = {
			isa = PBXGroup;
			children = (
				5838400A24BC81FF00E9297F /* VideoTableViewCell.swift */,
			);
			path = Views;
			sourceTree = "<group>";
		};
		5838400924BC80CF00E9297F /* Views Controllers */ = {
			isa = PBXGroup;
			children = (
				58383FEB24BC42A200E9297F /* ViewController.swift */,
			);
			path = "Views Controllers";
			sourceTree = "<group>";
		};
/* End PBXGroup section */

/* Begin PBXNativeTarget section */
		58383FE324BC42A200E9297F /* youtube-app */ = {
			isa = PBXNativeTarget;
			buildConfigurationList = 58383FF824BC42A900E9297F /* Build configuration list for PBXNativeTarget "youtube-app" */;
			buildPhases = (
				58383FE024BC42A200E9297F /* Sources */,
				58383FE124BC42A200E9297F /* Frameworks */,
				58383FE224BC42A200E9297F /* Resources */,
			);
			buildRules = (
			);
			dependencies = (
			);
			name = "youtube-app";
			productName = "youtube-app";
			productReference = 58383FE424BC42A200E9297F /* youtube-app.app */;
			productType = "com.apple.product-type.application";
		};
/* End PBXNativeTarget section */

/* Begin PBXProject section */
		58383FDC24BC42A200E9297F /* Project object */ = {
			isa = PBXProject;
			attributes = {
				LastSwiftUpdateCheck = 1150;
				LastUpgradeCheck = 1150;
				ORGANIZATIONNAME = "radjiv carrere";
				TargetAttributes = {
					58383FE324BC42A200E9297F = {
						CreatedOnToolsVersion = 11.5;
					};
				};
			};
			buildConfigurationList = 58383FDF24BC42A200E9297F /* Build configuration list for PBXProject "youtube-app" */;
			compatibilityVersion = "Xcode 9.3";
			developmentRegion = en;
			hasScannedForEncodings = 0;
			knownRegions = (
				en,
				Base,
			);
			mainGroup = 58383FDB24BC42A200E9297F;
			productRefGroup = 58383FE524BC42A200E9297F /* Products */;
			projectDirPath = "";
			projectRoot = "";
			targets = (
				58383FE324BC42A200E9297F /* youtube-app */,
			);
		};
/* End PBXProject section */

/* Begin PBXResourcesBuildPhase section */
		58383FE224BC42A200E9297F /* Resources */ = {
			isa = PBXResourcesBuildPhase;
			buildActionMask = 2147483647;
			files = (
				58383FF424BC42A900E9297F /* LaunchScreen.storyboard in Resources */,
				58383FF124BC42A900E9297F /* Assets.xcassets in Resources */,
				58383FEF24BC42A300E9297F /* Main.storyboard in Resources */,
			);
			runOnlyForDeploymentPostprocessing = 0;
		};
/* End PBXResourcesBuildPhase section */

/* Begin PBXSourcesBuildPhase section */
		58383FE024BC42A200E9297F /* Sources */ = {
			isa = PBXSourcesBuildPhase;
			buildActionMask = 2147483647;
			files = (
				58383FEC24BC42A200E9297F /* ViewController.swift in Sources */,
				5846392424BDA8F7005B1E3C /* CacheManager.swift in Sources */,
				58383FE824BC42A200E9297F /* AppDelegate.swift in Sources */,
				58383FEA24BC42A200E9297F /* SceneDelegate.swift in Sources */,
				5838400024BC491500E9297F /* Model.swift in Sources */,
				58383FFE24BC489D00E9297F /* Video.swift in Sources */,
				5838400B24BC81FF00E9297F /* VideoTableViewCell.swift in Sources */,
				58383FFC24BC456700E9297F /* Constants.swift in Sources */,
				5838400224BC55F300E9297F /* Response.swift in Sources */,
			);
			runOnlyForDeploymentPostprocessing = 0;
		};
/* End PBXSourcesBuildPhase section */

/* Begin PBXVariantGroup section */
		58383FED24BC42A300E9297F /* Main.storyboard */ = {
			isa = PBXVariantGroup;
			children = (
				58383FEE24BC42A300E9297F /* Base */,
			);
			name = Main.storyboard;
			sourceTree = "<group>";
		};
		58383FF224BC42A900E9297F /* LaunchScreen.storyboard */ = {
			isa = PBXVariantGroup;
			children = (
				58383FF324BC42A900E9297F /* Base */,
			);
			name = LaunchScreen.storyboard;
			sourceTree = "<group>";
		};
/* End PBXVariantGroup section */

/* Begin XCBuildConfiguration section */
		58383FF624BC42A900E9297F /* Debug */ = {
			isa = XCBuildConfiguration;
			buildSettings = {
				ALWAYS_SEARCH_USER_PATHS = NO;
				CLANG_ANALYZER_NONNULL = YES;
				CLANG_ANALYZER_NUMBER_OBJECT_CONVERSION = YES_AGGRESSIVE;
				CLANG_CXX_LANGUAGE_STANDARD = "gnu++14";
				CLANG_CXX_LIBRARY = "libc++";
				CLANG_ENABLE_MODULES = YES;
				CLANG_ENABLE_OBJC_ARC = YES;
				CLANG_ENABLE_OBJC_WEAK = YES;
				CLANG_WARN_BLOCK_CAPTURE_AUTORELEASING = YES;
				CLANG_WARN_BOOL_CONVERSION = YES;
				CLANG_WARN_COMMA = YES;
				CLANG_WARN_CONSTANT_CONVERSION = YES;
				CLANG_WARN_DEPRECATED_OBJC_IMPLEMENTATIONS = YES;
				CLANG_WARN_DIRECT_OBJC_ISA_USAGE = YES_ERROR;
				CLANG_WARN_DOCUMENTATION_COMMENTS = YES;
				CLANG_WARN_EMPTY_BODY = YES;
				CLANG_WARN_ENUM_CONVERSION = YES;
				CLANG_WARN_INFINITE_RECURSION = YES;
				CLANG_WARN_INT_CONVERSION = YES;
				CLANG_WARN_NON_LITERAL_NULL_CONVERSION = YES;
				CLANG_WARN_OBJC_IMPLICIT_RETAIN_SELF = YES;
				CLANG_WARN_OBJC_LITERAL_CONVERSION = YES;
				CLANG_WARN_OBJC_ROOT_CLASS = YES_ERROR;
				CLANG_WARN_RANGE_LOOP_ANALYSIS = YES;
				CLANG_WARN_STRICT_PROTOTYPES = YES;
				CLANG_WARN_SUSPICIOUS_MOVE = YES;
				CLANG_WARN_UNGUARDED_AVAILABILITY = YES_AGGRESSIVE;
				CLANG_WARN_UNREACHABLE_CODE = YES;
				CLANG_WARN__DUPLICATE_METHOD_MATCH = YES;
				COPY_PHASE_STRIP = NO;
				DEBUG_INFORMATION_FORMAT = dwarf;
				ENABLE_STRICT_OBJC_MSGSEND = YES;
				ENABLE_TESTABILITY = YES;
				GCC_C_LANGUAGE_STANDARD = gnu11;
				GCC_DYNAMIC_NO_PIC = NO;
				GCC_NO_COMMON_BLOCKS = YES;
				GCC_OPTIMIZATION_LEVEL = 0;
				GCC_PREPROCESSOR_DEFINITIONS = (
					"DEBUG=1",
					"$(inherited)",
				);
				GCC_WARN_64_TO_32_BIT_CONVERSION = YES;
				GCC_WARN_ABOUT_RETURN_TYPE = YES_ERROR;
				GCC_WARN_UNDECLARED_SELECTOR = YES;
				GCC_WARN_UNINITIALIZED_AUTOS = YES_AGGRESSIVE;
				GCC_WARN_UNUSED_FUNCTION = YES;
				GCC_WARN_UNUSED_VARIABLE = YES;
				IPHONEOS_DEPLOYMENT_TARGET = 13.5;
				MTL_ENABLE_DEBUG_INFO = INCLUDE_SOURCE;
				MTL_FAST_MATH = YES;
				ONLY_ACTIVE_ARCH = YES;
				SDKROOT = iphoneos;
				SWIFT_ACTIVE_COMPILATION_CONDITIONS = DEBUG;
				SWIFT_OPTIMIZATION_LEVEL = "-Onone";
			};
			name = Debug;
		};
		58383FF724BC42A900E9297F /* Release */ = {
			isa = XCBuildConfiguration;
			buildSettings = {
				ALWAYS_SEARCH_USER_PATHS = NO;
				CLANG_ANALYZER_NONNULL = YES;
				CLANG_ANALYZER_NUMBER_OBJECT_CONVERSION = YES_AGGRESSIVE;
				CLANG_CXX_LANGUAGE_STANDARD = "gnu++14";
				CLANG_CXX_LIBRARY = "libc++";
				CLANG_ENABLE_MODULES = YES;
				CLANG_ENABLE_OBJC_ARC = YES;
				CLANG_ENABLE_OBJC_WEAK = YES;
				CLANG_WARN_BLOCK_CAPTURE_AUTORELEASING = YES;
				CLANG_WARN_BOOL_CONVERSION = YES;
				CLANG_WARN_COMMA = YES;
				CLANG_WARN_CONSTANT_CONVERSION = YES;
				CLANG_WARN_DEPRECATED_OBJC_IMPLEMENTATIONS = YES;
				CLANG_WARN_DIRECT_OBJC_ISA_USAGE = YES_ERROR;
				CLANG_WARN_DOCUMENTATION_COMMENTS = YES;
				CLANG_WARN_EMPTY_BODY = YES;
				CLANG_WARN_ENUM_CONVERSION = YES;
				CLANG_WARN_INFINITE_RECURSION = YES;
				CLANG_WARN_INT_CONVERSION = YES;
				CLANG_WARN_NON_LITERAL_NULL_CONVERSION = YES;
				CLANG_WARN_OBJC_IMPLICIT_RETAIN_SELF = YES;
				CLANG_WARN_OBJC_LITERAL_CONVERSION = YES;
				CLANG_WARN_OBJC_ROOT_CLASS = YES_ERROR;
				CLANG_WARN_RANGE_LOOP_ANALYSIS = YES;
				CLANG_WARN_STRICT_PROTOTYPES = YES;
				CLANG_WARN_SUSPICIOUS_MOVE = YES;
				CLANG_WARN_UNGUARDED_AVAILABILITY = YES_AGGRESSIVE;
				CLANG_WARN_UNREACHABLE_CODE = YES;
				CLANG_WARN__DUPLICATE_METHOD_MATCH = YES;
				COPY_PHASE_STRIP = NO;
				DEBUG_INFORMATION_FORMAT = "dwarf-with-dsym";
				ENABLE_NS_ASSERTIONS = NO;
				ENABLE_STRICT_OBJC_MSGSEND = YES;
				GCC_C_LANGUAGE_STANDARD = gnu11;
				GCC_NO_COMMON_BLOCKS = YES;
				GCC_WARN_64_TO_32_BIT_CONVERSION = YES;
				GCC_WARN_ABOUT_RETURN_TYPE = YES_ERROR;
				GCC_WARN_UNDECLARED_SELECTOR = YES;
				GCC_WARN_UNINITIALIZED_AUTOS = YES_AGGRESSIVE;
				GCC_WARN_UNUSED_FUNCTION = YES;
				GCC_WARN_UNUSED_VARIABLE = YES;
				IPHONEOS_DEPLOYMENT_TARGET = 13.5;
				MTL_ENABLE_DEBUG_INFO = NO;
				MTL_FAST_MATH = YES;
				SDKROOT = iphoneos;
				SWIFT_COMPILATION_MODE = wholemodule;
				SWIFT_OPTIMIZATION_LEVEL = "-O";
				VALIDATE_PRODUCT = YES;
			};
			name = Release;
		};
		58383FF924BC42A900E9297F /* Debug */ = {
			isa = XCBuildConfiguration;
			buildSettings = {
				ASSETCATALOG_COMPILER_APPICON_NAME = AppIcon;
				CODE_SIGN_STYLE = Automatic;
				INFOPLIST_FILE = "youtube-app/Info.plist";
				LD_RUNPATH_SEARCH_PATHS = (
					"$(inherited)",
					"@executable_path/Frameworks",
				);
				PRODUCT_BUNDLE_IDENTIFIER = "radjivf.youtube-app";
				PRODUCT_NAME = "$(TARGET_NAME)";
				SWIFT_VERSION = 5.0;
				TARGETED_DEVICE_FAMILY = "1,2";
			};
			name = Debug;
		};
		58383FFA24BC42A900E9297F /* Release */ = {
			isa = XCBuildConfiguration;
			buildSettings = {
				ASSETCATALOG_COMPILER_APPICON_NAME = AppIcon;
				CODE_SIGN_STYLE = Automatic;
				INFOPLIST_FILE = "youtube-app/Info.plist";
				LD_RUNPATH_SEARCH_PATHS = (
					"$(inherited)",
					"@executable_path/Frameworks",
				);
				PRODUCT_BUNDLE_IDENTIFIER = "radjivf.youtube-app";
				PRODUCT_NAME = "$(TARGET_NAME)";
				SWIFT_VERSION = 5.0;
				TARGETED_DEVICE_FAMILY = "1,2";
			};
			name = Release;
		};
/* End XCBuildConfiguration section */

/* Begin XCConfigurationList section */
		58383FDF24BC42A200E9297F /* Build configuration list for PBXProject "youtube-app" */ = {
			isa = XCConfigurationList;
			buildConfigurations = (
				58383FF624BC42A900E9297F /* Debug */,
				58383FF724BC42A900E9297F /* Release */,
			);
			defaultConfigurationIsVisible = 0;
			defaultConfigurationName = Release;
		};
		58383FF824BC42A900E9297F /* Build configuration list for PBXNativeTarget "youtube-app" */ = {
			isa = XCConfigurationList;
			buildConfigurations = (
				58383FF924BC42A900E9297F /* Debug */,
				58383FFA24BC42A900E9297F /* Release */,
			);
			defaultConfigurationIsVisible = 0;
			defaultConfigurationName = Release;
		};
/* End XCConfigurationList section */
	};
	rootObject = 58383FDC24BC42A200E9297F /* Project object */;
}
